
Microsoft Visual Studio Solution File, Format Version 12.00
# Visual Studio 15
VisualStudioVersion = 15.0.27703.2035
MinimumVisualStudioVersion = 10.0.40219.1
Project("{9A19103F-16F7-4668-BE54-9A1E7A4F7556}") = "MySamplePro", "MySamplePro\MySamplePro.csproj", "{3863657C-445C-4409-8FDE-5DC005CE6F1B}"
EndProject
Project("{9A19103F-16F7-4668-BE54-9A1E7A4F7556}") = "AuthServer", "AuthServer\AuthServer.csproj", "{0A7FA98E-CEEF-4E15-BD25-8F30C01962BD}"
EndProject
Project("{FAE04EC0-301F-11D3-BF4B-00C04F79EFBC}") = "ConsoleApp", "ConsoleApp\ConsoleApp.csproj", "{CFA7A354-1E2D-4AFD-85B0-FB56D5C68D9C}"
EndProject
Global
	GlobalSection(SolutionConfigurationPlatforms) = preSolution
		Debug|Any CPU = Debug|Any CPU
		Release|Any CPU = Release|Any CPU
	EndGlobalSection
	GlobalSection(ProjectConfigurationPlatforms) = postSolution
		{3863657C-445C-4409-8FDE-5DC005CE6F1B}.Debug|Any CPU.ActiveCfg = Debug|Any CPU
		{3863657C-445C-4409-8FDE-5DC005CE6F1B}.Debug|Any CPU.Build.0 = Debug|Any CPU
		{3863657C-445C-4409-8FDE-5DC005CE6F1B}.Release|Any CPU.ActiveCfg = Release|Any CPU
		{3863657C-445C-4409-8FDE-5DC005CE6F1B}.Release|Any CPU.Build.0 = Release|Any CPU
		{0A7FA98E-CEEF-4E15-BD25-8F30C01962BD}.Debug|Any CPU.ActiveCfg = Debug|Any CPU
		{0A7FA98E-CEEF-4E15-BD25-8F30C01962BD}.Debug|Any CPU.Build.0 = Debug|Any CPU
		{0A7FA98E-CEEF-4E15-BD25-8F30C01962BD}.Release|Any CPU.ActiveCfg = Release|Any CPU
		{0A7FA98E-CEEF-4E15-BD25-8F30C01962BD}.Release|Any CPU.Build.0 = Release|Any CPU
		{CFA7A354-1E2D-4AFD-85B0-FB56D5C68D9C}.Debug|Any CPU.ActiveCfg = Debug|Any CPU
		{CFA7A354-1E2D-4AFD-85B0-FB56D5C68D9C}.Debug|Any CPU.Build.0 = Debug|Any CPU
		{CFA7A354-1E2D-4AFD-85B0-FB56D5C68D9C}.Release|Any CPU.ActiveCfg = Release|Any CPU
		{CFA7A354-1E2D-4AFD-85B0-FB56D5C68D9C}.Release|Any CPU.Build.0 = Release|Any CPU
	EndGlobalSection
	GlobalSection(SolutionProperties) = preSolution
		HideSolutionNode = FALSE
	EndGlobalSection
	GlobalSection(ExtensibilityGlobals) = postSolution
		SolutionGuid = {743175C8-9B42-425C-AF73-714173EDF202}
	EndGlobalSection
EndGlobal
